
Microsoft Visual Studio Solution File, Format Version 12.00
# Visual Studio 15
VisualStudioVersion = 15.0.27428.2015
MinimumVisualStudioVersion = 10.0.40219.1
Project("{FAE04EC0-301F-11D3-BF4B-00C04F79EFBC}") = "AmazonTests", "AmazonTests\AmazonTests.csproj", "{ACA1B689-B455-4590-8F70-E13E25CB09C8}"
EndProject
Project("{FAE04EC0-301F-11D3-BF4B-00C04F79EFBC}") = "WebdriverTests", "WebdriverTests\WebdriverTests.csproj", "{CAB4AADC-A7EE-4273-A914-5FB7468F6BAD}"
EndProject
Project("{2150E333-8FDC-42A3-9474-1A3956D46DE8}") = "Tools", "Tools", "{163D35C8-D40B-41D1-BD90-D3876B895E6C}"
	ProjectSection(SolutionItems) = preProject
		Tools\geckodriver.exe = Tools\geckodriver.exe
		Tools\MicrosoftWebDriver.exe = Tools\MicrosoftWebDriver.exe
		Tools\node_log.txt = Tools\node_log.txt
		Tools\node_log.txt.lck = Tools\node_log.txt.lck
		Tools\nodeConfig.json = Tools\nodeConfig.json
		Tools\nodeConfig_VMUbuntu.json = Tools\nodeConfig_VMUbuntu.json
		Tools\nodeConfig_VMWin10.json = Tools\nodeConfig_VMWin10.json
		Tools\selenium-server-standalone.jar = Tools\selenium-server-standalone.jar
		Tools\StartHubAndNodes.bat = Tools\StartHubAndNodes.bat
		Tools\StartNodeOnVMUbuntu.sh = Tools\StartNodeOnVMUbuntu.sh
		Tools\StartNodeOnVMWin10.bat = Tools\StartNodeOnVMWin10.bat
	EndProjectSection
EndProject
Project("{FAE04EC0-301F-11D3-BF4B-00C04F79EFBC}") = "CraigslistSiteTests", "CraigslistSiteTests\CraigslistSiteTests.csproj", "{8765087B-7CE0-4932-8422-855519F8D392}"
EndProject
Project("{FAE04EC0-301F-11D3-BF4B-00C04F79EFBC}") = "ApiTestingSample", "ApiTestingSample\ApiTestingSample.csproj", "{ED58472C-DFAD-43B3-BF0D-76570BC78113}"
EndProject
Global
	GlobalSection(SolutionConfigurationPlatforms) = preSolution
		Debug|Any CPU = Debug|Any CPU
		Release|Any CPU = Release|Any CPU
	EndGlobalSection
	GlobalSection(ProjectConfigurationPlatforms) = postSolution
		{ACA1B689-B455-4590-8F70-E13E25CB09C8}.Debug|Any CPU.ActiveCfg = Debug|Any CPU
		{ACA1B689-B455-4590-8F70-E13E25CB09C8}.Debug|Any CPU.Build.0 = Debug|Any CPU
		{ACA1B689-B455-4590-8F70-E13E25CB09C8}.Release|Any CPU.ActiveCfg = Release|Any CPU
		{ACA1B689-B455-4590-8F70-E13E25CB09C8}.Release|Any CPU.Build.0 = Release|Any CPU
		{CAB4AADC-A7EE-4273-A914-5FB7468F6BAD}.Debug|Any CPU.ActiveCfg = Debug|Any CPU
		{CAB4AADC-A7EE-4273-A914-5FB7468F6BAD}.Debug|Any CPU.Build.0 = Debug|Any CPU
		{CAB4AADC-A7EE-4273-A914-5FB7468F6BAD}.Release|Any CPU.ActiveCfg = Release|Any CPU
		{CAB4AADC-A7EE-4273-A914-5FB7468F6BAD}.Release|Any CPU.Build.0 = Release|Any CPU
		{8765087B-7CE0-4932-8422-855519F8D392}.Debug|Any CPU.ActiveCfg = Debug|Any CPU
		{8765087B-7CE0-4932-8422-855519F8D392}.Debug|Any CPU.Build.0 = Debug|Any CPU
		{8765087B-7CE0-4932-8422-855519F8D392}.Release|Any CPU.ActiveCfg = Release|Any CPU
		{8765087B-7CE0-4932-8422-855519F8D392}.Release|Any CPU.Build.0 = Release|Any CPU
		{ED58472C-DFAD-43B3-BF0D-76570BC78113}.Debug|Any CPU.ActiveCfg = Debug|Any CPU
		{ED58472C-DFAD-43B3-BF0D-76570BC78113}.Debug|Any CPU.Build.0 = Debug|Any CPU
		{ED58472C-DFAD-43B3-BF0D-76570BC78113}.Release|Any CPU.ActiveCfg = Release|Any CPU
		{ED58472C-DFAD-43B3-BF0D-76570BC78113}.Release|Any CPU.Build.0 = Release|Any CPU
	EndGlobalSection
	GlobalSection(SolutionProperties) = preSolution
		HideSolutionNode = FALSE
	EndGlobalSection
	GlobalSection(ExtensibilityGlobals) = postSolution
		SolutionGuid = {7BE19224-13A9-4E44-A857-C151FF2A775E}
	EndGlobalSection
EndGlobal
